
Microsoft Visual Studio Solution File, Format Version 12.00
# Visual Studio Version 17
VisualStudioVersion = 17.9.34714.143
MinimumVisualStudioVersion = 10.0.40219.1
Project("{FAE04EC0-301F-11D3-BF4B-00C04F79EFBC}") = "Client-Server-App", "Client-Server-App\Client-Server-App.csproj", "{070DAE5F-949C-491A-8E36-8516F86FA96B}"
EndProject
Global
	GlobalSection(SolutionConfigurationPlatforms) = preSolution
		Debug|Any CPU = Debug|Any CPU
		Release|Any CPU = Release|Any CPU
	EndGlobalSection
	GlobalSection(ProjectConfigurationPlatforms) = postSolution
		{070DAE5F-949C-491A-8E36-8516F86FA96B}.Debug|Any CPU.ActiveCfg = Debug|Any CPU
		{070DAE5F-949C-491A-8E36-8516F86FA96B}.Debug|Any CPU.Build.0 = Debug|Any CPU
		{070DAE5F-949C-491A-8E36-8516F86FA96B}.Release|Any CPU.ActiveCfg = Release|Any CPU
		{070DAE5F-949C-491A-8E36-8516F86FA96B}.Release|Any CPU.Build.0 = Release|Any CPU
	EndGlobalSection
	GlobalSection(SolutionProperties) = preSolution
		HideSolutionNode = FALSE
	EndGlobalSection
	GlobalSection(ExtensibilityGlobals) = postSolution
		SolutionGuid = {7804B953-2841-4A30-8C43-BE51288D27B9}
	EndGlobalSection
EndGlobal
