<Solution>
  <Project Path="src/Client-Server-App.Core/Client-Server-App.Core.csproj" />
  <Project Path="src/Client-Server-App/Client-Server-App.csproj" />
  <Folder Name="/tests/">
    <Project Path="tests/Client-Server-App.Tests/Client-Server-App.Tests.csproj" />
    <Project Path="tests/Client-Server-App.UiTests/Client-Server-App.UiTests.csproj" />
  </Folder>
</Solution>
